github.com/buger/goterm v0.0.0-20200322175922-2f3e71b85129 h1:gfAMKE626QEuKG3si0pdTRcr/YEbBoxY+3GOH3gWvl4=
github.com/buger/goterm v0.0.0-20200322175922-2f3e71b85129/go.mod h1:u9UyCz2eTrSGy6fbupqJ54eY5c4IC8gREQ1053dK12U=
golang.org/x/sys v0.0.0-20200817155316-9781c653f443 h1:X18bCaipMcoJGm27Nv7zr4XYPKGUy92GtqboKC2Hxaw=
golang.org/x/sys v0.0.0-20200817155316-9781c653f443/go.mod h1:h1NjWce9XRLGQEsW7wpKNCjG9DtNlClVuFLEZdDNbEs=
